
Microsoft Visual Studio Solution File, Format Version 12.00
# Visual Studio 15
VisualStudioVersion = 15.0.28307.1062
MinimumVisualStudioVersion = 10.0.40219.1
Project("{FAE04EC0-301F-11D3-BF4B-00C04F79EFBC}") = "Project6", "Project6\Project6.csproj", "{4AA5E6BB-54F9-42D0-89BA-19CB114FD6FB}"
EndProject
Global
	GlobalSection(SolutionConfigurationPlatforms) = preSolution
		Debug|Any CPU = Debug|Any CPU
		Release|Any CPU = Release|Any CPU
	EndGlobalSection
	GlobalSection(ProjectConfigurationPlatforms) = postSolution
		{4AA5E6BB-54F9-42D0-89BA-19CB114FD6FB}.Debug|Any CPU.ActiveCfg = Debug|Any CPU
		{4AA5E6BB-54F9-42D0-89BA-19CB114FD6FB}.Debug|Any CPU.Build.0 = Debug|Any CPU
		{4AA5E6BB-54F9-42D0-89BA-19CB114FD6FB}.Release|Any CPU.ActiveCfg = Release|Any CPU
		{4AA5E6BB-54F9-42D0-89BA-19CB114FD6FB}.Release|Any CPU.Build.0 = Release|Any CPU
	EndGlobalSection
	GlobalSection(SolutionProperties) = preSolution
		HideSolutionNode = FALSE
	EndGlobalSection
	GlobalSection(ExtensibilityGlobals) = postSolution
		SolutionGuid = {3B4C9717-9EA2-42C8-9362-E16F44A74FC7}
	EndGlobalSection
EndGlobal
